{
    "_readme": [
        "This file locks the dependencies of your project to a known state",
        "Read more about it at https://getcomposer.org/doc/01-basic-usage.md#installing-dependencies",
        "This file is @generated automatically"
    ],
    "content-hash": "1c9cde80ea284303d172af9a8d0a305a",
    "packages": [
        {
            "name": "webdevstudios/oops-wp",
            "version": "0.2.1",
            "source": {
                "type": "git",
                "url": "https://github.com/WebDevStudios/oops-wp.git",
                "reference": "780dce74d0afe81500eba4aee7fe0bda8445d3db"
            },
            "dist": {
                "type": "zip",
                "url": "https://api.github.com/repos/WebDevStudios/oops-wp/zipball/780dce74d0afe81500eba4aee7fe0bda8445d3db",
                "reference": "780dce74d0afe81500eba4aee7fe0bda8445d3db",
                "shasum": ""
            },
            "require": {
                "php": "^7"
            },
            "type": "library",
            "autoload": {
                "psr-4": {
                    "WebDevStudios\\OopsWP\\": "src/"
                }
            },
            "notification-url": "https://packagist.org/downloads/",
            "license": [
                "GPL-2.0-or-later"
            ],
            "authors": [
                {
                    "name": "Jeremy Ward",
                    "email": "jeremy.ward@webdevstudios.com",
                    "role": "Senior Backend Engineer"
                }
            ],
            "description": "A collection of interfaces and class structures to promote object-oriented programming practices in WordPress.",
            "time": "2019-09-03T00:45:21+00:00"
        }
    ],
    "packages-dev": [],
    "aliases": [],
    "minimum-stability": "stable",
    "stability-flags": [],
    "prefer-stable": false,
    "prefer-lowest": false,
    "platform": [],
    "platform-dev": []
}
