{
    "_readme": [
        "This file locks the dependencies of your project to a known state",
        "Read more about it at https://getcomposer.org/doc/01-basic-usage.md#installing-dependencies",
        "This file is @generated automatically"
    ],
    "content-hash": "dd882374eb914dd7cec1fc52b905e321",
    "packages": [
        {
            "name": "webdevstudios/oops-wp",
            "version": "dev-feature/rest-api-support",
            "source": {
                "type": "git",
                "url": "https://github.com/WebDevStudios/oops-wp.git",
                "reference": "61e4cbb97043cb3fb3d9c2ff17e38a3fc100934e"
            },
            "dist": {
                "type": "zip",
                "url": "https://api.github.com/repos/WebDevStudios/oops-wp/zipball/61e4cbb97043cb3fb3d9c2ff17e38a3fc100934e",
                "reference": "61e4cbb97043cb3fb3d9c2ff17e38a3fc100934e",
                "shasum": ""
            },
            "require": {
                "php": "^7"
            },
            "type": "library",
            "autoload": {
                "psr-4": {
                    "WebDevStudios\\OopsWP\\": "src/"
                }
            },
            "notification-url": "https://packagist.org/downloads/",
            "license": [
                "GPL-2.0-or-later"
            ],
            "authors": [
                {
                    "name": "Jeremy Ward",
                    "email": "jeremy.ward@webdevstudios.com",
                    "role": "Senior Backend Engineer"
                }
            ],
            "description": "A collection of interfaces and class structures to promote object-oriented programming practices in WordPress.",
            "time": "2020-02-28T18:55:11+00:00"
        }
    ],
    "packages-dev": [],
    "aliases": [],
    "minimum-stability": "stable",
    "stability-flags": {
        "webdevstudios/oops-wp": 20
    },
    "prefer-stable": false,
    "prefer-lowest": false,
    "platform": {
        "ext-libxml": "^7.2",
        "ext-json": "^1.6",
        "php": "^7.2"
    },
    "platform-dev": []
}
